# This file is automatically @generated by Cargo.
# It is not intended for manual editing.
version = 3

[[package]]
name = "http-server"
version = "0.1.0"
dependencies = [
 "io-error",
]

[[package]]
name = "io-error"
version = "0.1.1"
source = "registry+https://github.com/rust-lang/crates.io-index"
checksum = "a89386213dc0a1f054d5fbf0e99bbcdd0ea7c867e82749b9955ab45a2dc65a83"
